
Microsoft Visual Studio Solution File, Format Version 12.00
# Visual Studio Version 16
VisualStudioVersion = 16.0.30621.155
MinimumVisualStudioVersion = 10.0.40219.1
Project("{FAE04EC0-301F-11D3-BF4B-00C04F79EFBC}") = "PruebaWeb", "PruebaWeb\PruebaWeb.csproj", "{171A660E-AF62-49EB-B231-780459531EA3}"
EndProject
Project("{FAE04EC0-301F-11D3-BF4B-00C04F79EFBC}") = "Prueba.Common", "Prueba.Common\Prueba.Common.csproj", "{4432FE70-99C9-4BD4-87DD-142A53413573}"
EndProject
Global
	GlobalSection(SolutionConfigurationPlatforms) = preSolution
		Debug|Any CPU = Debug|Any CPU
		Release|Any CPU = Release|Any CPU
	EndGlobalSection
	GlobalSection(ProjectConfigurationPlatforms) = postSolution
		{171A660E-AF62-49EB-B231-780459531EA3}.Debug|Any CPU.ActiveCfg = Debug|Any CPU
		{171A660E-AF62-49EB-B231-780459531EA3}.Debug|Any CPU.Build.0 = Debug|Any CPU
		{171A660E-AF62-49EB-B231-780459531EA3}.Release|Any CPU.ActiveCfg = Release|Any CPU
		{171A660E-AF62-49EB-B231-780459531EA3}.Release|Any CPU.Build.0 = Release|Any CPU
		{4432FE70-99C9-4BD4-87DD-142A53413573}.Debug|Any CPU.ActiveCfg = Debug|Any CPU
		{4432FE70-99C9-4BD4-87DD-142A53413573}.Debug|Any CPU.Build.0 = Debug|Any CPU
		{4432FE70-99C9-4BD4-87DD-142A53413573}.Release|Any CPU.ActiveCfg = Release|Any CPU
		{4432FE70-99C9-4BD4-87DD-142A53413573}.Release|Any CPU.Build.0 = Release|Any CPU
	EndGlobalSection
	GlobalSection(SolutionProperties) = preSolution
		HideSolutionNode = FALSE
	EndGlobalSection
	GlobalSection(ExtensibilityGlobals) = postSolution
		SolutionGuid = {23C5A3AA-C51B-472A-BD80-E33C3596EAFF}
	EndGlobalSection
EndGlobal
